
Microsoft Visual Studio Solution File, Format Version 12.00
# Visual Studio Version 17
VisualStudioVersion = 17.13.35828.75 d17.13
MinimumVisualStudioVersion = 10.0.40219.1
Project("{FAE04EC0-301F-11D3-BF4B-00C04F79EFBC}") = "Client3", "Client3.csproj", "{C0CB6562-F516-45CC-A759-1E7FF75D3946}"
EndProject
Global
	GlobalSection(SolutionConfigurationPlatforms) = preSolution
		Debug|Any CPU = Debug|Any CPU
		Release|Any CPU = Release|Any CPU
	EndGlobalSection
	GlobalSection(ProjectConfigurationPlatforms) = postSolution
		{C0CB6562-F516-45CC-A759-1E7FF75D3946}.Debug|Any CPU.ActiveCfg = Debug|Any CPU
		{C0CB6562-F516-45CC-A759-1E7FF75D3946}.Debug|Any CPU.Build.0 = Debug|Any CPU
		{C0CB6562-F516-45CC-A759-1E7FF75D3946}.Release|Any CPU.ActiveCfg = Release|Any CPU
		{C0CB6562-F516-45CC-A759-1E7FF75D3946}.Release|Any CPU.Build.0 = Release|Any CPU
	EndGlobalSection
	GlobalSection(SolutionProperties) = preSolution
		HideSolutionNode = FALSE
	EndGlobalSection
	GlobalSection(ExtensibilityGlobals) = postSolution
		SolutionGuid = {78705EE5-50BF-4308-A24C-8A22A6EA5069}
	EndGlobalSection
EndGlobal
